[[package]]
name = "bincode"
version = "1.0.0"
source = "registry+https://github.com/rust-lang/crates.io-index"
dependencies = [
 "byteorder 1.2.3 (registry+https://github.com/rust-lang/crates.io-index)",
 "serde 1.0.63 (registry+https://github.com/rust-lang/crates.io-index)",
]

[[package]]
name = "byteorder"
version = "1.2.3"
source = "registry+https://github.com/rust-lang/crates.io-index"

[[package]]
name = "client"
version = "0.1.0"
dependencies = [
 "network 0.1.0",
]

[[package]]
name = "network"
version = "0.1.0"
dependencies = [
 "bincode 1.0.0 (registry+https://github.com/rust-lang/crates.io-index)",
]

[[package]]
name = "serde"
version = "1.0.63"
source = "registry+https://github.com/rust-lang/crates.io-index"

[metadata]
"checksum bincode 1.0.0 (registry+https://github.com/rust-lang/crates.io-index)" = "bda13183df33055cbb84b847becce220d392df502ebe7a4a78d7021771ed94d0"
"checksum byteorder 1.2.3 (registry+https://github.com/rust-lang/crates.io-index)" = "74c0b906e9446b0a2e4f760cdb3fa4b2c48cdc6db8766a845c54b6ff063fd2e9"
"checksum serde 1.0.63 (registry+https://github.com/rust-lang/crates.io-index)" = "6f4a07014dd9a6845448a9e62f6f27595847f09828caabf1b1d50bb6755fa4d2"
