{
  "nodes": {
    "flake-utils": {
      "locked": {
        "lastModified": 1614513358,
        "narHash": "sha256-LakhOx3S1dRjnh0b5Dg3mbZyH0ToC9I8Y2wKSkBaTzU=",
        "owner": "numtide",
        "repo": "flake-utils",
        "rev": "5466c5bbece17adaab2d82fae80b46e807611bf3",
        "type": "github"
      },
      "original": {
        "owner": "numtide",
        "repo": "flake-utils",
        "type": "github"
      }
    },
    "flakeUtils": {
      "locked": {
        "lastModified": 1618217525,
        "narHash": "sha256-WGrhVczjXTiswQaoxQ+0PTfbLNeOQM6M36zvLn78AYg=",
        "owner": "numtide",
        "repo": "flake-utils",
        "rev": "c6169a2772643c4a93a0b5ac1c61e296cba68544",
        "type": "github"
      },
      "original": {
        "owner": "numtide",
        "repo": "flake-utils",
        "type": "github"
      }
    },
    "naersk": {
      "inputs": {
        "nixpkgs": [
          "nixpkgs"
        ]
      },
      "locked": {
        "lastModified": 1616263753,
        "narHash": "sha256-wf1naH44D0Z7+JNpD6T/6/d0XaXDi9r4Oi100pBtzhs=",
        "owner": "yusdacra",
        "repo": "naersk",
        "rev": "8cd4d175606de222114c551c85847acb013cc9cb",
        "type": "github"
      },
      "original": {
        "owner": "yusdacra",
        "ref": "veloren",
        "repo": "naersk",
        "type": "github"
      }
    },
    "nixpkgs": {
      "locked": {
        "lastModified": 1618306168,
        "narHash": "sha256-/IOtgzdEaiEqRVn6OhpekuYhRHfCm299Bqts5QqQVko=",
        "owner": "NixOS",
        "repo": "nixpkgs",
        "rev": "4c87cb87a2db6b9eb43541c1cf83f2a2f725fa25",
        "type": "github"
      },
      "original": {
        "owner": "NixOS",
        "ref": "nixpkgs-unstable",
        "repo": "nixpkgs",
        "type": "github"
      }
    },
    "root": {
      "inputs": {
        "flakeUtils": "flakeUtils",
        "naersk": "naersk",
        "nixpkgs": "nixpkgs",
        "rustOverlay": "rustOverlay"
      }
    },
    "rustOverlay": {
      "inputs": {
        "flake-utils": "flake-utils",
        "nixpkgs": [
          "nixpkgs"
        ]
      },
      "locked": {
        "lastModified": 1618366946,
        "narHash": "sha256-5zevIklODemySoUY8xtIemD/WO7ftaXeltz9rraEVAc=",
        "owner": "oxalica",
        "repo": "rust-overlay",
        "rev": "82b13c9048b345cf6345dd326478ad5ec059e6c6",
        "type": "github"
      },
      "original": {
        "owner": "oxalica",
        "repo": "rust-overlay",
        "type": "github"
      }
    }
  },
  "root": "root",
  "version": 7
}
